{
  "nodes": {
    "dank-qml-common": {
      "flake": false,
      "locked": {
        "lastModified": 1791341801,
        "narHash": "sha256-/MFMIB2c5c5OqJ4dtd8lDxP177ZhurZnAeS1wVKdj3o=",
        "owner": "AvengeMedia",
        "repo": "dank-qml-common",
        "rev": "014e401bf5f299d5535bda2a1964219559138bd8",
        "type": "github"
      },
      "original": {
        "owner": "AvengeMedia",
        "repo": "dank-qml-common",
        "type": "github"
      }
    },
    "nixpkgs": {
      "locked": {
        "lastModified": 1784356753,
        "narHash": "sha256-12KrbMiWLcf8m7pCvAtZh1ZrgF85ZXDXvfR/fWTKy84=",
        "owner": "nixos",
        "repo": "nixpkgs",
        "rev": "61b7c44c4073f0b827768aff0049561b5110ea5a",
        "type": "github"
      },
      "original": {
        "owner": "nixos",
        "ref": "nixos-unstable",
        "repo": "nixpkgs",
        "type": "github"
      }
    },
    "root": {
      "inputs": {
        "dank-qml-common": "dank-qml-common",
        "nixpkgs": "nixpkgs"
      }
    }
  },
  "root": "root",
  "version": 7
}
